File.Version=6
MxCube.Version=6.14.0
MxDb.Version=DB.6.0.140
KeepUserPlacement=false
Mcu.CPN=STM32G031K8U3
Mcu.Name=STM32G031K8Ux
board=
ProjectManager.ProjectFileName=FOC_V1.ioc
ProjectManager.ProjectName=FOC_V1
ProjectManager.PreviousToolchain=
ProjectManager.TargetToolchain=STM32CubeIDE
ProjectManager.DeletePrevious=true
ProjectManager.UnderRoot=true
ProjectManager.MainLocation=Core/Src
ProjectManager.ToolChainLocation=
ProjectManager.LibraryCopy=1
ProjectManager.FirmwarePackage=STM32Cube FW_G0 V1.6.2
ProjectManager.CustomerFirmwarePackage=
ProjectManager.DefaultFWLocation=true
ProjectManager.DeviceId=STM32G031K8Ux
ProjectManager.isStatic=false
ProjectManager.isCPP=false
isbadioc=false
